
Microsoft Visual Studio Solution File, Format Version 12.00
# Visual Studio Version 16
VisualStudioVersion = 16.0.30011.22
MinimumVisualStudioVersion = 10.0.40219.1
Project("{FAE04EC0-301F-11D3-BF4B-00C04F79EFBC}") = "PP0504B", "PP0504B.csproj", "{BD51C14A-6C00-48D0-81CB-E8E2CEF7A9D7}"
EndProject
Global
	GlobalSection(SolutionConfigurationPlatforms) = preSolution
		Debug|Any CPU = Debug|Any CPU
		Release|Any CPU = Release|Any CPU
	EndGlobalSection
	GlobalSection(ProjectConfigurationPlatforms) = postSolution
		{BD51C14A-6C00-48D0-81CB-E8E2CEF7A9D7}.Debug|Any CPU.ActiveCfg = Debug|Any CPU
		{BD51C14A-6C00-48D0-81CB-E8E2CEF7A9D7}.Debug|Any CPU.Build.0 = Debug|Any CPU
		{BD51C14A-6C00-48D0-81CB-E8E2CEF7A9D7}.Release|Any CPU.ActiveCfg = Release|Any CPU
		{BD51C14A-6C00-48D0-81CB-E8E2CEF7A9D7}.Release|Any CPU.Build.0 = Release|Any CPU
	EndGlobalSection
	GlobalSection(SolutionProperties) = preSolution
		HideSolutionNode = FALSE
	EndGlobalSection
	GlobalSection(ExtensibilityGlobals) = postSolution
		SolutionGuid = {61AF809E-7864-4E85-92B6-25728480D332}
	EndGlobalSection
EndGlobal
